
Microsoft Visual Studio Solution File, Format Version 12.00
# Visual Studio Version 16
VisualStudioVersion = 16.0.29806.167
MinimumVisualStudioVersion = 10.0.40219.1
Project("{FAE04EC0-301F-11D3-BF4B-00C04F79EFBC}") = "CurrencyConverter", "CurrencyConverter\CurrencyConverter.csproj", "{539D983B-EAF9-4478-88CD-857271C2BC5C}"
EndProject
Global
	GlobalSection(SolutionConfigurationPlatforms) = preSolution
		Debug|Any CPU = Debug|Any CPU
		Release|Any CPU = Release|Any CPU
	EndGlobalSection
	GlobalSection(ProjectConfigurationPlatforms) = postSolution
		{539D983B-EAF9-4478-88CD-857271C2BC5C}.Debug|Any CPU.ActiveCfg = Debug|Any CPU
		{539D983B-EAF9-4478-88CD-857271C2BC5C}.Debug|Any CPU.Build.0 = Debug|Any CPU
		{539D983B-EAF9-4478-88CD-857271C2BC5C}.Release|Any CPU.ActiveCfg = Release|Any CPU
		{539D983B-EAF9-4478-88CD-857271C2BC5C}.Release|Any CPU.Build.0 = Release|Any CPU
	EndGlobalSection
	GlobalSection(SolutionProperties) = preSolution
		HideSolutionNode = FALSE
	EndGlobalSection
	GlobalSection(ExtensibilityGlobals) = postSolution
		SolutionGuid = {DDE4918E-B8DB-4FC3-8E33-86F2ADE26F4A}
	EndGlobalSection
EndGlobal
